Microsoft Visual Studio Solution File, Format Version 10.00
# Visual Studio 2008
Project("{8BC9CEB8-8B4A-11D0-8D11-00A0C91BC942}") = "ALL_BUILD", "ALL_BUILD.vcproj", "{E8BA093D-D1F1-47A9-9608-02356EB93107}"
	ProjectSection(ProjectDependencies) = postProject
		{FE57B551-207C-46BA-B93A-566E2FF97FCC} = {FE57B551-207C-46BA-B93A-566E2FF97FCC}
		{FE363C3C-8473-4B1D-A5ED-B317D418F211} = {FE363C3C-8473-4B1D-A5ED-B317D418F211}
		{BE8C8237-9E94-4677-B5AC-18772138440A} = {BE8C8237-9E94-4677-B5AC-18772138440A}
		{441DD597-3DD0-432A-B97C-EAAB5E610758} = {441DD597-3DD0-432A-B97C-EAAB5E610758}
		{D74D808F-CC10-4E39-99B1-2DDAB648F3D2} = {D74D808F-CC10-4E39-99B1-2DDAB648F3D2}
		{D0A5EA23-84BC-4BF1-B7B7-F4B30E7C0428} = {D0A5EA23-84BC-4BF1-B7B7-F4B30E7C0428}
		{5E9A70F6-9DDD-4BC3-A34A-9C2FFC9016E4} = {5E9A70F6-9DDD-4BC3-A34A-9C2FFC9016E4}
		{CB3DB2A8-50BF-431C-B996-F5D983337AFF} = {CB3DB2A8-50BF-431C-B996-F5D983337AFF}
		{CA2F328A-34AA-42A5-AD2C-D9FD84CF2191} = {CA2F328A-34AA-42A5-AD2C-D9FD84CF2191}
		{32AD74F8-A9D8-4A29-AEB1-BE4FDFBE6902} = {32AD74F8-A9D8-4A29-AEB1-BE4FDFBE6902}
		{527561FC-71E2-4AB6-B250-F35896847732} = {527561FC-71E2-4AB6-B250-F35896847732}
		{8DA8561B-554E-4058-A142-F557732EEB0C} = {8DA8561B-554E-4058-A142-F557732EEB0C}
		{4039F7CE-68B9-451C-983C-388C1B4E82A0} = {4039F7CE-68B9-451C-983C-388C1B4E82A0}
		{7831DE94-5F33-4E11-BEBC-ECC8B1FF581A} = {7831DE94-5F33-4E11-BEBC-ECC8B1FF581A}
		{7BBE7EAF-E214-42FF-B20A-7ACAD62B4939} = {7BBE7EAF-E214-42FF-B20A-7ACAD62B4939}
		{037117DF-4E2E-4CBC-A8A0-679240257983} = {037117DF-4E2E-4CBC-A8A0-679240257983}
		{CA840142-9644-4072-AB5A-039DD9E33BC5} = {CA840142-9644-4072-AB5A-039DD9E33BC5}
		{B3706148-72D3-41E3-AC0A-F9AF0618F416} = {B3706148-72D3-41E3-AC0A-F9AF0618F416}
		{C55FE1FD-0629-4AE2-8114-926EE33FDFC0} = {C55FE1FD-0629-4AE2-8114-926EE33FDFC0}
		{9CF88A46-7B08-495C-A192-E6BF8247BB4F} = {9CF88A46-7B08-495C-A192-E6BF8247BB4F}
		{4C21349C-4C0C-4ACB-9B44-F1061A7D7DD7} = {4C21349C-4C0C-4ACB-9B44-F1061A7D7DD7}
		{3EE4989E-4AAF-49CD-A8AD-75FA8DD58BA6} = {3EE4989E-4AAF-49CD-A8AD-75FA8DD58BA6}
		{008DBB5B-A70F-472E-BCB4-FCA525E71978} = {008DBB5B-A70F-472E-BCB4-FCA525E71978}
		{CEEF2B36-F444-467D-95E0-7B36296A6A59} = {CEEF2B36-F444-467D-95E0-7B36296A6A59}
	EndProjectSection
EndProject
Project("{8BC9CEB8-8B4A-11D0-8D11-00A0C91BC942}") = "ZERO_CHECK", "ZERO_CHECK.vcproj", "{FE57B551-207C-46BA-B93A-566E2FF97FCC}"
	ProjectSection(ProjectDependencies) = postProject
	EndProjectSection
EndProject
Project("{8BC9CEB8-8B4A-11D0-8D11-00A0C91BC942}") = "action", "action\action.vcproj", "{30AF4C8A-8F46-46D0-B68A-8D78A328CCDF}"
	ProjectSection(ProjectDependencies) = postProject
		{9B8CFEF7-4CBB-4F49-ADE2-397AFE126308} = {9B8CFEF7-4CBB-4F49-ADE2-397AFE126308}
	EndProjectSection
EndProject
Project("{8BC9CEB8-8B4A-11D0-8D11-00A0C91BC942}") = "ann", "ann\ann.vcproj", "{FE363C3C-8473-4B1D-A5ED-B317D418F211}"
	ProjectSection(ProjectDependencies) = postProject
		{FE57B551-207C-46BA-B93A-566E2FF97FCC} = {FE57B551-207C-46BA-B93A-566E2FF97FCC}
	EndProjectSection
EndProject
Project("{8BC9CEB8-8B4A-11D0-8D11-00A0C91BC942}") = "application", "application\application.vcproj", "{BE8C8237-9E94-4677-B5AC-18772138440A}"
	ProjectSection(ProjectDependencies) = postProject
		{13AEA80C-4B14-4420-9251-984A839580EF} = {13AEA80C-4B14-4420-9251-984A839580EF}
	EndProjectSection
EndProject
Project("{8BC9CEB8-8B4A-11D0-8D11-00A0C91BC942}") = "backconstraints", "backconstraints\backconstraints.vcproj", "{441DD597-3DD0-432A-B97C-EAAB5E610758}"
	ProjectSection(ProjectDependencies) = postProject
		{FE57B551-207C-46BA-B93A-566E2FF97FCC} = {FE57B551-207C-46BA-B93A-566E2FF97FCC}
	EndProjectSection
EndProject
Project("{8BC9CEB8-8B4A-11D0-8D11-00A0C91BC942}") = "controller", "controller\controller.vcproj", "{D74D808F-CC10-4E39-99B1-2DDAB648F3D2}"
	ProjectSection(ProjectDependencies) = postProject
		{FE57B551-207C-46BA-B93A-566E2FF97FCC} = {FE57B551-207C-46BA-B93A-566E2FF97FCC}
	EndProjectSection
EndProject
Project("{8BC9CEB8-8B4A-11D0-8D11-00A0C91BC942}") = "cuda", "cuda\cuda.vcproj", "{D0A5EA23-84BC-4BF1-B7B7-F4B30E7C0428}"
	ProjectSection(ProjectDependencies) = postProject
		{FE57B551-207C-46BA-B93A-566E2FF97FCC} = {FE57B551-207C-46BA-B93A-566E2FF97FCC}
	EndProjectSection
EndProject
Project("{8BC9CEB8-8B4A-11D0-8D11-00A0C91BC942}") = "dataexport", "dataexport\dataexport.vcproj", "{13AEA80C-4B14-4420-9251-984A839580EF}"
	ProjectSection(ProjectDependencies) = postProject
		{FE57B551-207C-46BA-B93A-566E2FF97FCC} = {FE57B551-207C-46BA-B93A-566E2FF97FCC}
	EndProjectSection
EndProject
Project("{8BC9CEB8-8B4A-11D0-8D11-00A0C91BC942}") = "datamgmt", "datamgmt\datamgmt.vcproj", "{5E9A70F6-9DDD-4BC3-A34A-9C2FFC9016E4}"
	ProjectSection(ProjectDependencies) = postProject
		{FE57B551-207C-46BA-B93A-566E2FF97FCC} = {FE57B551-207C-46BA-B93A-566E2FF97FCC}
	EndProjectSection
EndProject
Project("{8BC9CEB8-8B4A-11D0-8D11-00A0C91BC942}") = "dynamics", "dynamics\dynamics.vcproj", "{CB3DB2A8-50BF-431C-B996-F5D983337AFF}"
	ProjectSection(ProjectDependencies) = postProject
		{FE57B551-207C-46BA-B93A-566E2FF97FCC} = {FE57B551-207C-46BA-B93A-566E2FF97FCC}
	EndProjectSection
EndProject
Project("{8BC9CEB8-8B4A-11D0-8D11-00A0C91BC942}") = "embed", "embed\embed.vcproj", "{CA2F328A-34AA-42A5-AD2C-D9FD84CF2191}"
	ProjectSection(ProjectDependencies) = postProject
		{FE57B551-207C-46BA-B93A-566E2FF97FCC} = {FE57B551-207C-46BA-B93A-566E2FF97FCC}
	EndProjectSection
EndProject
Project("{8BC9CEB8-8B4A-11D0-8D11-00A0C91BC942}") = "frontend", "frontend.vcproj", "{32AD74F8-A9D8-4A29-AEB1-BE4FDFBE6902}"
	ProjectSection(ProjectDependencies) = postProject
		{FE57B551-207C-46BA-B93A-566E2FF97FCC} = {FE57B551-207C-46BA-B93A-566E2FF97FCC}
		{FE363C3C-8473-4B1D-A5ED-B317D418F211} = {FE363C3C-8473-4B1D-A5ED-B317D418F211}
		{BE8C8237-9E94-4677-B5AC-18772138440A} = {BE8C8237-9E94-4677-B5AC-18772138440A}
		{441DD597-3DD0-432A-B97C-EAAB5E610758} = {441DD597-3DD0-432A-B97C-EAAB5E610758}
		{D74D808F-CC10-4E39-99B1-2DDAB648F3D2} = {D74D808F-CC10-4E39-99B1-2DDAB648F3D2}
		{D0A5EA23-84BC-4BF1-B7B7-F4B30E7C0428} = {D0A5EA23-84BC-4BF1-B7B7-F4B30E7C0428}
		{5E9A70F6-9DDD-4BC3-A34A-9C2FFC9016E4} = {5E9A70F6-9DDD-4BC3-A34A-9C2FFC9016E4}
		{CB3DB2A8-50BF-431C-B996-F5D983337AFF} = {CB3DB2A8-50BF-431C-B996-F5D983337AFF}
		{CA2F328A-34AA-42A5-AD2C-D9FD84CF2191} = {CA2F328A-34AA-42A5-AD2C-D9FD84CF2191}
		{527561FC-71E2-4AB6-B250-F35896847732} = {527561FC-71E2-4AB6-B250-F35896847732}
		{8DA8561B-554E-4058-A142-F557732EEB0C} = {8DA8561B-554E-4058-A142-F557732EEB0C}
		{4039F7CE-68B9-451C-983C-388C1B4E82A0} = {4039F7CE-68B9-451C-983C-388C1B4E82A0}
		{7831DE94-5F33-4E11-BEBC-ECC8B1FF581A} = {7831DE94-5F33-4E11-BEBC-ECC8B1FF581A}
		{7BBE7EAF-E214-42FF-B20A-7ACAD62B4939} = {7BBE7EAF-E214-42FF-B20A-7ACAD62B4939}
		{037117DF-4E2E-4CBC-A8A0-679240257983} = {037117DF-4E2E-4CBC-A8A0-679240257983}
		{CA840142-9644-4072-AB5A-039DD9E33BC5} = {CA840142-9644-4072-AB5A-039DD9E33BC5}
		{B3706148-72D3-41E3-AC0A-F9AF0618F416} = {B3706148-72D3-41E3-AC0A-F9AF0618F416}
		{C55FE1FD-0629-4AE2-8114-926EE33FDFC0} = {C55FE1FD-0629-4AE2-8114-926EE33FDFC0}
		{9CF88A46-7B08-495C-A192-E6BF8247BB4F} = {9CF88A46-7B08-495C-A192-E6BF8247BB4F}
		{4C21349C-4C0C-4ACB-9B44-F1061A7D7DD7} = {4C21349C-4C0C-4ACB-9B44-F1061A7D7DD7}
		{008DBB5B-A70F-472E-BCB4-FCA525E71978} = {008DBB5B-A70F-472E-BCB4-FCA525E71978}
		{CEEF2B36-F444-467D-95E0-7B36296A6A59} = {CEEF2B36-F444-467D-95E0-7B36296A6A59}
	EndProjectSection
EndProject
Project("{8BC9CEB8-8B4A-11D0-8D11-00A0C91BC942}") = "gp", "gp\gp.vcproj", "{527561FC-71E2-4AB6-B250-F35896847732}"
	ProjectSection(ProjectDependencies) = postProject
		{FE57B551-207C-46BA-B93A-566E2FF97FCC} = {FE57B551-207C-46BA-B93A-566E2FF97FCC}
	EndProjectSection
EndProject
Project("{8BC9CEB8-8B4A-11D0-8D11-00A0C91BC942}") = "gpcm", "gpcm\gpcm.vcproj", "{8DA8561B-554E-4058-A142-F557732EEB0C}"
	ProjectSection(ProjectDependencies) = postProject
		{30AF4C8A-8F46-46D0-B68A-8D78A328CCDF} = {30AF4C8A-8F46-46D0-B68A-8D78A328CCDF}
	EndProjectSection
EndProject
Project("{8BC9CEB8-8B4A-11D0-8D11-00A0C91BC942}") = "gui", "gui\gui.vcproj", "{4039F7CE-68B9-451C-983C-388C1B4E82A0}"
	ProjectSection(ProjectDependencies) = postProject
		{FE57B551-207C-46BA-B93A-566E2FF97FCC} = {FE57B551-207C-46BA-B93A-566E2FF97FCC}
		{008DBB5B-A70F-472E-BCB4-FCA525E71978} = {008DBB5B-A70F-472E-BCB4-FCA525E71978}
	EndProjectSection
EndProject
Project("{8BC9CEB8-8B4A-11D0-8D11-00A0C91BC942}") = "kernels", "kernels\kernels.vcproj", "{7831DE94-5F33-4E11-BEBC-ECC8B1FF581A}"
	ProjectSection(ProjectDependencies) = postProject
		{FE57B551-207C-46BA-B93A-566E2FF97FCC} = {FE57B551-207C-46BA-B93A-566E2FF97FCC}
	EndProjectSection
EndProject
Project("{8BC9CEB8-8B4A-11D0-8D11-00A0C91BC942}") = "latentprior", "latentprior\latentprior.vcproj", "{9B8CFEF7-4CBB-4F49-ADE2-397AFE126308}"
	ProjectSection(ProjectDependencies) = postProject
		{FE57B551-207C-46BA-B93A-566E2FF97FCC} = {FE57B551-207C-46BA-B93A-566E2FF97FCC}
		{FE363C3C-8473-4B1D-A5ED-B317D418F211} = {FE363C3C-8473-4B1D-A5ED-B317D418F211}
		{BE8C8237-9E94-4677-B5AC-18772138440A} = {BE8C8237-9E94-4677-B5AC-18772138440A}
		{441DD597-3DD0-432A-B97C-EAAB5E610758} = {441DD597-3DD0-432A-B97C-EAAB5E610758}
		{D74D808F-CC10-4E39-99B1-2DDAB648F3D2} = {D74D808F-CC10-4E39-99B1-2DDAB648F3D2}
		{D0A5EA23-84BC-4BF1-B7B7-F4B30E7C0428} = {D0A5EA23-84BC-4BF1-B7B7-F4B30E7C0428}
		{5E9A70F6-9DDD-4BC3-A34A-9C2FFC9016E4} = {5E9A70F6-9DDD-4BC3-A34A-9C2FFC9016E4}
		{CB3DB2A8-50BF-431C-B996-F5D983337AFF} = {CB3DB2A8-50BF-431C-B996-F5D983337AFF}
		{CA2F328A-34AA-42A5-AD2C-D9FD84CF2191} = {CA2F328A-34AA-42A5-AD2C-D9FD84CF2191}
		{527561FC-71E2-4AB6-B250-F35896847732} = {527561FC-71E2-4AB6-B250-F35896847732}
		{4039F7CE-68B9-451C-983C-388C1B4E82A0} = {4039F7CE-68B9-451C-983C-388C1B4E82A0}
		{7831DE94-5F33-4E11-BEBC-ECC8B1FF581A} = {7831DE94-5F33-4E11-BEBC-ECC8B1FF581A}
		{037117DF-4E2E-4CBC-A8A0-679240257983} = {037117DF-4E2E-4CBC-A8A0-679240257983}
		{CA840142-9644-4072-AB5A-039DD9E33BC5} = {CA840142-9644-4072-AB5A-039DD9E33BC5}
		{B3706148-72D3-41E3-AC0A-F9AF0618F416} = {B3706148-72D3-41E3-AC0A-F9AF0618F416}
		{C55FE1FD-0629-4AE2-8114-926EE33FDFC0} = {C55FE1FD-0629-4AE2-8114-926EE33FDFC0}
		{9CF88A46-7B08-495C-A192-E6BF8247BB4F} = {9CF88A46-7B08-495C-A192-E6BF8247BB4F}
		{4C21349C-4C0C-4ACB-9B44-F1061A7D7DD7} = {4C21349C-4C0C-4ACB-9B44-F1061A7D7DD7}
		{008DBB5B-A70F-472E-BCB4-FCA525E71978} = {008DBB5B-A70F-472E-BCB4-FCA525E71978}
		{CEEF2B36-F444-467D-95E0-7B36296A6A59} = {CEEF2B36-F444-467D-95E0-7B36296A6A59}
	EndProjectSection
EndProject
Project("{8BC9CEB8-8B4A-11D0-8D11-00A0C91BC942}") = "nlopt", "Libraries\nlopt-2.2.4\nlopt.vcproj", "{7BBE7EAF-E214-42FF-B20A-7ACAD62B4939}"
	ProjectSection(ProjectDependencies) = postProject
		{FE57B551-207C-46BA-B93A-566E2FF97FCC} = {FE57B551-207C-46BA-B93A-566E2FF97FCC}
	EndProjectSection
EndProject
Project("{8BC9CEB8-8B4A-11D0-8D11-00A0C91BC942}") = "optimization", "optimization\optimization.vcproj", "{037117DF-4E2E-4CBC-A8A0-679240257983}"
	ProjectSection(ProjectDependencies) = postProject
		{FE57B551-207C-46BA-B93A-566E2FF97FCC} = {FE57B551-207C-46BA-B93A-566E2FF97FCC}
	EndProjectSection
EndProject
Project("{8BC9CEB8-8B4A-11D0-8D11-00A0C91BC942}") = "pointsampler", "pointsampler\pointsampler.vcproj", "{CA840142-9644-4072-AB5A-039DD9E33BC5}"
	ProjectSection(ProjectDependencies) = postProject
		{FE57B551-207C-46BA-B93A-566E2FF97FCC} = {FE57B551-207C-46BA-B93A-566E2FF97FCC}
	EndProjectSection
EndProject
Project("{8BC9CEB8-8B4A-11D0-8D11-00A0C91BC942}") = "priors", "priors\priors.vcproj", "{B3706148-72D3-41E3-AC0A-F9AF0618F416}"
	ProjectSection(ProjectDependencies) = postProject
		{FE57B551-207C-46BA-B93A-566E2FF97FCC} = {FE57B551-207C-46BA-B93A-566E2FF97FCC}
	EndProjectSection
EndProject
Project("{8BC9CEB8-8B4A-11D0-8D11-00A0C91BC942}") = "qpbo", "qpbo\qpbo.vcproj", "{C55FE1FD-0629-4AE2-8114-926EE33FDFC0}"
	ProjectSection(ProjectDependencies) = postProject
		{FE57B551-207C-46BA-B93A-566E2FF97FCC} = {FE57B551-207C-46BA-B93A-566E2FF97FCC}
	EndProjectSection
EndProject
Project("{8BC9CEB8-8B4A-11D0-8D11-00A0C91BC942}") = "synthesis", "synthesis\synthesis.vcproj", "{9CF88A46-7B08-495C-A192-E6BF8247BB4F}"
	ProjectSection(ProjectDependencies) = postProject
		{FE57B551-207C-46BA-B93A-566E2FF97FCC} = {FE57B551-207C-46BA-B93A-566E2FF97FCC}
	EndProjectSection
EndProject
Project("{8BC9CEB8-8B4A-11D0-8D11-00A0C91BC942}") = "tasks", "tasks\tasks.vcproj", "{4C21349C-4C0C-4ACB-9B44-F1061A7D7DD7}"
	ProjectSection(ProjectDependencies) = postProject
		{FE57B551-207C-46BA-B93A-566E2FF97FCC} = {FE57B551-207C-46BA-B93A-566E2FF97FCC}
	EndProjectSection
EndProject
Project("{8BC9CEB8-8B4A-11D0-8D11-00A0C91BC942}") = "training", "training.vcproj", "{3EE4989E-4AAF-49CD-A8AD-75FA8DD58BA6}"
	ProjectSection(ProjectDependencies) = postProject
		{FE57B551-207C-46BA-B93A-566E2FF97FCC} = {FE57B551-207C-46BA-B93A-566E2FF97FCC}
		{FE363C3C-8473-4B1D-A5ED-B317D418F211} = {FE363C3C-8473-4B1D-A5ED-B317D418F211}
		{BE8C8237-9E94-4677-B5AC-18772138440A} = {BE8C8237-9E94-4677-B5AC-18772138440A}
		{441DD597-3DD0-432A-B97C-EAAB5E610758} = {441DD597-3DD0-432A-B97C-EAAB5E610758}
		{D74D808F-CC10-4E39-99B1-2DDAB648F3D2} = {D74D808F-CC10-4E39-99B1-2DDAB648F3D2}
		{D0A5EA23-84BC-4BF1-B7B7-F4B30E7C0428} = {D0A5EA23-84BC-4BF1-B7B7-F4B30E7C0428}
		{5E9A70F6-9DDD-4BC3-A34A-9C2FFC9016E4} = {5E9A70F6-9DDD-4BC3-A34A-9C2FFC9016E4}
		{CB3DB2A8-50BF-431C-B996-F5D983337AFF} = {CB3DB2A8-50BF-431C-B996-F5D983337AFF}
		{CA2F328A-34AA-42A5-AD2C-D9FD84CF2191} = {CA2F328A-34AA-42A5-AD2C-D9FD84CF2191}
		{527561FC-71E2-4AB6-B250-F35896847732} = {527561FC-71E2-4AB6-B250-F35896847732}
		{8DA8561B-554E-4058-A142-F557732EEB0C} = {8DA8561B-554E-4058-A142-F557732EEB0C}
		{4039F7CE-68B9-451C-983C-388C1B4E82A0} = {4039F7CE-68B9-451C-983C-388C1B4E82A0}
		{7831DE94-5F33-4E11-BEBC-ECC8B1FF581A} = {7831DE94-5F33-4E11-BEBC-ECC8B1FF581A}
		{7BBE7EAF-E214-42FF-B20A-7ACAD62B4939} = {7BBE7EAF-E214-42FF-B20A-7ACAD62B4939}
		{037117DF-4E2E-4CBC-A8A0-679240257983} = {037117DF-4E2E-4CBC-A8A0-679240257983}
		{CA840142-9644-4072-AB5A-039DD9E33BC5} = {CA840142-9644-4072-AB5A-039DD9E33BC5}
		{B3706148-72D3-41E3-AC0A-F9AF0618F416} = {B3706148-72D3-41E3-AC0A-F9AF0618F416}
		{C55FE1FD-0629-4AE2-8114-926EE33FDFC0} = {C55FE1FD-0629-4AE2-8114-926EE33FDFC0}
		{9CF88A46-7B08-495C-A192-E6BF8247BB4F} = {9CF88A46-7B08-495C-A192-E6BF8247BB4F}
		{4C21349C-4C0C-4ACB-9B44-F1061A7D7DD7} = {4C21349C-4C0C-4ACB-9B44-F1061A7D7DD7}
		{008DBB5B-A70F-472E-BCB4-FCA525E71978} = {008DBB5B-A70F-472E-BCB4-FCA525E71978}
		{CEEF2B36-F444-467D-95E0-7B36296A6A59} = {CEEF2B36-F444-467D-95E0-7B36296A6A59}
	EndProjectSection
EndProject
Project("{8BC9CEB8-8B4A-11D0-8D11-00A0C91BC942}") = "util", "util\util.vcproj", "{008DBB5B-A70F-472E-BCB4-FCA525E71978}"
	ProjectSection(ProjectDependencies) = postProject
		{FE57B551-207C-46BA-B93A-566E2FF97FCC} = {FE57B551-207C-46BA-B93A-566E2FF97FCC}
	EndProjectSection
EndProject
Project("{8BC9CEB8-8B4A-11D0-8D11-00A0C91BC942}") = "utilities", "utilities\utilities.vcproj", "{CEEF2B36-F444-467D-95E0-7B36296A6A59}"
	ProjectSection(ProjectDependencies) = postProject
		{FE57B551-207C-46BA-B93A-566E2FF97FCC} = {FE57B551-207C-46BA-B93A-566E2FF97FCC}
	EndProjectSection
EndProject
Global
	GlobalSection(SolutionConfigurationPlatforms) = preSolution
		Debug|Win32 = Debug|Win32
		Release|Win32 = Release|Win32
		MinSizeRel|Win32 = MinSizeRel|Win32
		RelWithDebInfo|Win32 = RelWithDebInfo|Win32
	EndGlobalSection
	GlobalSection(ProjectConfigurationPlatforms) = postSolution
		{E8BA093D-D1F1-47A9-9608-02356EB93107}.Debug|Win32.ActiveCfg = Debug|Win32
		{E8BA093D-D1F1-47A9-9608-02356EB93107}.Release|Win32.ActiveCfg = Release|Win32
		{E8BA093D-D1F1-47A9-9608-02356EB93107}.MinSizeRel|Win32.ActiveCfg = MinSizeRel|Win32
		{E8BA093D-D1F1-47A9-9608-02356EB93107}.RelWithDebInfo|Win32.ActiveCfg = RelWithDebInfo|Win32
		{FE57B551-207C-46BA-B93A-566E2FF97FCC}.Debug|Win32.ActiveCfg = Debug|Win32
		{FE57B551-207C-46BA-B93A-566E2FF97FCC}.Debug|Win32.Build.0 = Debug|Win32
		{FE57B551-207C-46BA-B93A-566E2FF97FCC}.Release|Win32.ActiveCfg = Release|Win32
		{FE57B551-207C-46BA-B93A-566E2FF97FCC}.Release|Win32.Build.0 = Release|Win32
		{FE57B551-207C-46BA-B93A-566E2FF97FCC}.MinSizeRel|Win32.ActiveCfg = MinSizeRel|Win32
		{FE57B551-207C-46BA-B93A-566E2FF97FCC}.MinSizeRel|Win32.Build.0 = MinSizeRel|Win32
		{FE57B551-207C-46BA-B93A-566E2FF97FCC}.RelWithDebInfo|Win32.ActiveCfg = RelWithDebInfo|Win32
		{FE57B551-207C-46BA-B93A-566E2FF97FCC}.RelWithDebInfo|Win32.Build.0 = RelWithDebInfo|Win32
		{30AF4C8A-8F46-46D0-B68A-8D78A328CCDF}.Debug|Win32.ActiveCfg = Debug|Win32
		{30AF4C8A-8F46-46D0-B68A-8D78A328CCDF}.Debug|Win32.Build.0 = Debug|Win32
		{30AF4C8A-8F46-46D0-B68A-8D78A328CCDF}.Release|Win32.ActiveCfg = Release|Win32
		{30AF4C8A-8F46-46D0-B68A-8D78A328CCDF}.Release|Win32.Build.0 = Release|Win32
		{30AF4C8A-8F46-46D0-B68A-8D78A328CCDF}.MinSizeRel|Win32.ActiveCfg = MinSizeRel|Win32
		{30AF4C8A-8F46-46D0-B68A-8D78A328CCDF}.MinSizeRel|Win32.Build.0 = MinSizeRel|Win32
		{30AF4C8A-8F46-46D0-B68A-8D78A328CCDF}.RelWithDebInfo|Win32.ActiveCfg = RelWithDebInfo|Win32
		{30AF4C8A-8F46-46D0-B68A-8D78A328CCDF}.RelWithDebInfo|Win32.Build.0 = RelWithDebInfo|Win32
		{FE363C3C-8473-4B1D-A5ED-B317D418F211}.Debug|Win32.ActiveCfg = Debug|Win32
		{FE363C3C-8473-4B1D-A5ED-B317D418F211}.Debug|Win32.Build.0 = Debug|Win32
		{FE363C3C-8473-4B1D-A5ED-B317D418F211}.Release|Win32.ActiveCfg = Release|Win32
		{FE363C3C-8473-4B1D-A5ED-B317D418F211}.Release|Win32.Build.0 = Release|Win32
		{FE363C3C-8473-4B1D-A5ED-B317D418F211}.MinSizeRel|Win32.ActiveCfg = MinSizeRel|Win32
		{FE363C3C-8473-4B1D-A5ED-B317D418F211}.MinSizeRel|Win32.Build.0 = MinSizeRel|Win32
		{FE363C3C-8473-4B1D-A5ED-B317D418F211}.RelWithDebInfo|Win32.ActiveCfg = RelWithDebInfo|Win32
		{FE363C3C-8473-4B1D-A5ED-B317D418F211}.RelWithDebInfo|Win32.Build.0 = RelWithDebInfo|Win32
		{BE8C8237-9E94-4677-B5AC-18772138440A}.Debug|Win32.ActiveCfg = Debug|Win32
		{BE8C8237-9E94-4677-B5AC-18772138440A}.Debug|Win32.Build.0 = Debug|Win32
		{BE8C8237-9E94-4677-B5AC-18772138440A}.Release|Win32.ActiveCfg = Release|Win32
		{BE8C8237-9E94-4677-B5AC-18772138440A}.Release|Win32.Build.0 = Release|Win32
		{BE8C8237-9E94-4677-B5AC-18772138440A}.MinSizeRel|Win32.ActiveCfg = MinSizeRel|Win32
		{BE8C8237-9E94-4677-B5AC-18772138440A}.MinSizeRel|Win32.Build.0 = MinSizeRel|Win32
		{BE8C8237-9E94-4677-B5AC-18772138440A}.RelWithDebInfo|Win32.ActiveCfg = RelWithDebInfo|Win32
		{BE8C8237-9E94-4677-B5AC-18772138440A}.RelWithDebInfo|Win32.Build.0 = RelWithDebInfo|Win32
		{441DD597-3DD0-432A-B97C-EAAB5E610758}.Debug|Win32.ActiveCfg = Debug|Win32
		{441DD597-3DD0-432A-B97C-EAAB5E610758}.Debug|Win32.Build.0 = Debug|Win32
		{441DD597-3DD0-432A-B97C-EAAB5E610758}.Release|Win32.ActiveCfg = Release|Win32
		{441DD597-3DD0-432A-B97C-EAAB5E610758}.Release|Win32.Build.0 = Release|Win32
		{441DD597-3DD0-432A-B97C-EAAB5E610758}.MinSizeRel|Win32.ActiveCfg = MinSizeRel|Win32
		{441DD597-3DD0-432A-B97C-EAAB5E610758}.MinSizeRel|Win32.Build.0 = MinSizeRel|Win32
		{441DD597-3DD0-432A-B97C-EAAB5E610758}.RelWithDebInfo|Win32.ActiveCfg = RelWithDebInfo|Win32
		{441DD597-3DD0-432A-B97C-EAAB5E610758}.RelWithDebInfo|Win32.Build.0 = RelWithDebInfo|Win32
		{D74D808F-CC10-4E39-99B1-2DDAB648F3D2}.Debug|Win32.ActiveCfg = Debug|Win32
		{D74D808F-CC10-4E39-99B1-2DDAB648F3D2}.Debug|Win32.Build.0 = Debug|Win32
		{D74D808F-CC10-4E39-99B1-2DDAB648F3D2}.Release|Win32.ActiveCfg = Release|Win32
		{D74D808F-CC10-4E39-99B1-2DDAB648F3D2}.Release|Win32.Build.0 = Release|Win32
		{D74D808F-CC10-4E39-99B1-2DDAB648F3D2}.MinSizeRel|Win32.ActiveCfg = MinSizeRel|Win32
		{D74D808F-CC10-4E39-99B1-2DDAB648F3D2}.MinSizeRel|Win32.Build.0 = MinSizeRel|Win32
		{D74D808F-CC10-4E39-99B1-2DDAB648F3D2}.RelWithDebInfo|Win32.ActiveCfg = RelWithDebInfo|Win32
		{D74D808F-CC10-4E39-99B1-2DDAB648F3D2}.RelWithDebInfo|Win32.Build.0 = RelWithDebInfo|Win32
		{D0A5EA23-84BC-4BF1-B7B7-F4B30E7C0428}.Debug|Win32.ActiveCfg = Debug|Win32
		{D0A5EA23-84BC-4BF1-B7B7-F4B30E7C0428}.Debug|Win32.Build.0 = Debug|Win32
		{D0A5EA23-84BC-4BF1-B7B7-F4B30E7C0428}.Release|Win32.ActiveCfg = Release|Win32
		{D0A5EA23-84BC-4BF1-B7B7-F4B30E7C0428}.Release|Win32.Build.0 = Release|Win32
		{D0A5EA23-84BC-4BF1-B7B7-F4B30E7C0428}.MinSizeRel|Win32.ActiveCfg = MinSizeRel|Win32
		{D0A5EA23-84BC-4BF1-B7B7-F4B30E7C0428}.MinSizeRel|Win32.Build.0 = MinSizeRel|Win32
		{D0A5EA23-84BC-4BF1-B7B7-F4B30E7C0428}.RelWithDebInfo|Win32.ActiveCfg = RelWithDebInfo|Win32
		{D0A5EA23-84BC-4BF1-B7B7-F4B30E7C0428}.RelWithDebInfo|Win32.Build.0 = RelWithDebInfo|Win32
		{13AEA80C-4B14-4420-9251-984A839580EF}.Debug|Win32.ActiveCfg = Debug|Win32
		{13AEA80C-4B14-4420-9251-984A839580EF}.Debug|Win32.Build.0 = Debug|Win32
		{13AEA80C-4B14-4420-9251-984A839580EF}.Release|Win32.ActiveCfg = Release|Win32
		{13AEA80C-4B14-4420-9251-984A839580EF}.Release|Win32.Build.0 = Release|Win32
		{13AEA80C-4B14-4420-9251-984A839580EF}.MinSizeRel|Win32.ActiveCfg = MinSizeRel|Win32
		{13AEA80C-4B14-4420-9251-984A839580EF}.MinSizeRel|Win32.Build.0 = MinSizeRel|Win32
		{13AEA80C-4B14-4420-9251-984A839580EF}.RelWithDebInfo|Win32.ActiveCfg = RelWithDebInfo|Win32
		{13AEA80C-4B14-4420-9251-984A839580EF}.RelWithDebInfo|Win32.Build.0 = RelWithDebInfo|Win32
		{5E9A70F6-9DDD-4BC3-A34A-9C2FFC9016E4}.Debug|Win32.ActiveCfg = Debug|Win32
		{5E9A70F6-9DDD-4BC3-A34A-9C2FFC9016E4}.Debug|Win32.Build.0 = Debug|Win32
		{5E9A70F6-9DDD-4BC3-A34A-9C2FFC9016E4}.Release|Win32.ActiveCfg = Release|Win32
		{5E9A70F6-9DDD-4BC3-A34A-9C2FFC9016E4}.Release|Win32.Build.0 = Release|Win32
		{5E9A70F6-9DDD-4BC3-A34A-9C2FFC9016E4}.MinSizeRel|Win32.ActiveCfg = MinSizeRel|Win32
		{5E9A70F6-9DDD-4BC3-A34A-9C2FFC9016E4}.MinSizeRel|Win32.Build.0 = MinSizeRel|Win32
		{5E9A70F6-9DDD-4BC3-A34A-9C2FFC9016E4}.RelWithDebInfo|Win32.ActiveCfg = RelWithDebInfo|Win32
		{5E9A70F6-9DDD-4BC3-A34A-9C2FFC9016E4}.RelWithDebInfo|Win32.Build.0 = RelWithDebInfo|Win32
		{CB3DB2A8-50BF-431C-B996-F5D983337AFF}.Debug|Win32.ActiveCfg = Debug|Win32
		{CB3DB2A8-50BF-431C-B996-F5D983337AFF}.Debug|Win32.Build.0 = Debug|Win32
		{CB3DB2A8-50BF-431C-B996-F5D983337AFF}.Release|Win32.ActiveCfg = Release|Win32
		{CB3DB2A8-50BF-431C-B996-F5D983337AFF}.Release|Win32.Build.0 = Release|Win32
		{CB3DB2A8-50BF-431C-B996-F5D983337AFF}.MinSizeRel|Win32.ActiveCfg = MinSizeRel|Win32
		{CB3DB2A8-50BF-431C-B996-F5D983337AFF}.MinSizeRel|Win32.Build.0 = MinSizeRel|Win32
		{CB3DB2A8-50BF-431C-B996-F5D983337AFF}.RelWithDebInfo|Win32.ActiveCfg = RelWithDebInfo|Win32
		{CB3DB2A8-50BF-431C-B996-F5D983337AFF}.RelWithDebInfo|Win32.Build.0 = RelWithDebInfo|Win32
		{CA2F328A-34AA-42A5-AD2C-D9FD84CF2191}.Debug|Win32.ActiveCfg = Debug|Win32
		{CA2F328A-34AA-42A5-AD2C-D9FD84CF2191}.Debug|Win32.Build.0 = Debug|Win32
		{CA2F328A-34AA-42A5-AD2C-D9FD84CF2191}.Release|Win32.ActiveCfg = Release|Win32
		{CA2F328A-34AA-42A5-AD2C-D9FD84CF2191}.Release|Win32.Build.0 = Release|Win32
		{CA2F328A-34AA-42A5-AD2C-D9FD84CF2191}.MinSizeRel|Win32.ActiveCfg = MinSizeRel|Win32
		{CA2F328A-34AA-42A5-AD2C-D9FD84CF2191}.MinSizeRel|Win32.Build.0 = MinSizeRel|Win32
		{CA2F328A-34AA-42A5-AD2C-D9FD84CF2191}.RelWithDebInfo|Win32.ActiveCfg = RelWithDebInfo|Win32
		{CA2F328A-34AA-42A5-AD2C-D9FD84CF2191}.RelWithDebInfo|Win32.Build.0 = RelWithDebInfo|Win32
		{32AD74F8-A9D8-4A29-AEB1-BE4FDFBE6902}.Debug|Win32.ActiveCfg = Debug|Win32
		{32AD74F8-A9D8-4A29-AEB1-BE4FDFBE6902}.Debug|Win32.Build.0 = Debug|Win32
		{32AD74F8-A9D8-4A29-AEB1-BE4FDFBE6902}.Release|Win32.ActiveCfg = Release|Win32
		{32AD74F8-A9D8-4A29-AEB1-BE4FDFBE6902}.Release|Win32.Build.0 = Release|Win32
		{32AD74F8-A9D8-4A29-AEB1-BE4FDFBE6902}.MinSizeRel|Win32.ActiveCfg = MinSizeRel|Win32
		{32AD74F8-A9D8-4A29-AEB1-BE4FDFBE6902}.MinSizeRel|Win32.Build.0 = MinSizeRel|Win32
		{32AD74F8-A9D8-4A29-AEB1-BE4FDFBE6902}.RelWithDebInfo|Win32.ActiveCfg = RelWithDebInfo|Win32
		{32AD74F8-A9D8-4A29-AEB1-BE4FDFBE6902}.RelWithDebInfo|Win32.Build.0 = RelWithDebInfo|Win32
		{527561FC-71E2-4AB6-B250-F35896847732}.Debug|Win32.ActiveCfg = Debug|Win32
		{527561FC-71E2-4AB6-B250-F35896847732}.Debug|Win32.Build.0 = Debug|Win32
		{527561FC-71E2-4AB6-B250-F35896847732}.Release|Win32.ActiveCfg = Release|Win32
		{527561FC-71E2-4AB6-B250-F35896847732}.Release|Win32.Build.0 = Release|Win32
		{527561FC-71E2-4AB6-B250-F35896847732}.MinSizeRel|Win32.ActiveCfg = MinSizeRel|Win32
		{527561FC-71E2-4AB6-B250-F35896847732}.MinSizeRel|Win32.Build.0 = MinSizeRel|Win32
		{527561FC-71E2-4AB6-B250-F35896847732}.RelWithDebInfo|Win32.ActiveCfg = RelWithDebInfo|Win32
		{527561FC-71E2-4AB6-B250-F35896847732}.RelWithDebInfo|Win32.Build.0 = RelWithDebInfo|Win32
		{8DA8561B-554E-4058-A142-F557732EEB0C}.Debug|Win32.ActiveCfg = Debug|Win32
		{8DA8561B-554E-4058-A142-F557732EEB0C}.Debug|Win32.Build.0 = Debug|Win32
		{8DA8561B-554E-4058-A142-F557732EEB0C}.Release|Win32.ActiveCfg = Release|Win32
		{8DA8561B-554E-4058-A142-F557732EEB0C}.Release|Win32.Build.0 = Release|Win32
		{8DA8561B-554E-4058-A142-F557732EEB0C}.MinSizeRel|Win32.ActiveCfg = MinSizeRel|Win32
		{8DA8561B-554E-4058-A142-F557732EEB0C}.MinSizeRel|Win32.Build.0 = MinSizeRel|Win32
		{8DA8561B-554E-4058-A142-F557732EEB0C}.RelWithDebInfo|Win32.ActiveCfg = RelWithDebInfo|Win32
		{8DA8561B-554E-4058-A142-F557732EEB0C}.RelWithDebInfo|Win32.Build.0 = RelWithDebInfo|Win32
		{4039F7CE-68B9-451C-983C-388C1B4E82A0}.Debug|Win32.ActiveCfg = Debug|Win32
		{4039F7CE-68B9-451C-983C-388C1B4E82A0}.Debug|Win32.Build.0 = Debug|Win32
		{4039F7CE-68B9-451C-983C-388C1B4E82A0}.Release|Win32.ActiveCfg = Release|Win32
		{4039F7CE-68B9-451C-983C-388C1B4E82A0}.Release|Win32.Build.0 = Release|Win32
		{4039F7CE-68B9-451C-983C-388C1B4E82A0}.MinSizeRel|Win32.ActiveCfg = MinSizeRel|Win32
		{4039F7CE-68B9-451C-983C-388C1B4E82A0}.MinSizeRel|Win32.Build.0 = MinSizeRel|Win32
		{4039F7CE-68B9-451C-983C-388C1B4E82A0}.RelWithDebInfo|Win32.ActiveCfg = RelWithDebInfo|Win32
		{4039F7CE-68B9-451C-983C-388C1B4E82A0}.RelWithDebInfo|Win32.Build.0 = RelWithDebInfo|Win32
		{7831DE94-5F33-4E11-BEBC-ECC8B1FF581A}.Debug|Win32.ActiveCfg = Debug|Win32
		{7831DE94-5F33-4E11-BEBC-ECC8B1FF581A}.Debug|Win32.Build.0 = Debug|Win32
		{7831DE94-5F33-4E11-BEBC-ECC8B1FF581A}.Release|Win32.ActiveCfg = Release|Win32
		{7831DE94-5F33-4E11-BEBC-ECC8B1FF581A}.Release|Win32.Build.0 = Release|Win32
		{7831DE94-5F33-4E11-BEBC-ECC8B1FF581A}.MinSizeRel|Win32.ActiveCfg = MinSizeRel|Win32
		{7831DE94-5F33-4E11-BEBC-ECC8B1FF581A}.MinSizeRel|Win32.Build.0 = MinSizeRel|Win32
		{7831DE94-5F33-4E11-BEBC-ECC8B1FF581A}.RelWithDebInfo|Win32.ActiveCfg = RelWithDebInfo|Win32
		{7831DE94-5F33-4E11-BEBC-ECC8B1FF581A}.RelWithDebInfo|Win32.Build.0 = RelWithDebInfo|Win32
		{9B8CFEF7-4CBB-4F49-ADE2-397AFE126308}.Debug|Win32.ActiveCfg = Debug|Win32
		{9B8CFEF7-4CBB-4F49-ADE2-397AFE126308}.Debug|Win32.Build.0 = Debug|Win32
		{9B8CFEF7-4CBB-4F49-ADE2-397AFE126308}.Release|Win32.ActiveCfg = Release|Win32
		{9B8CFEF7-4CBB-4F49-ADE2-397AFE126308}.Release|Win32.Build.0 = Release|Win32
		{9B8CFEF7-4CBB-4F49-ADE2-397AFE126308}.MinSizeRel|Win32.ActiveCfg = MinSizeRel|Win32
		{9B8CFEF7-4CBB-4F49-ADE2-397AFE126308}.MinSizeRel|Win32.Build.0 = MinSizeRel|Win32
		{9B8CFEF7-4CBB-4F49-ADE2-397AFE126308}.RelWithDebInfo|Win32.ActiveCfg = RelWithDebInfo|Win32
		{9B8CFEF7-4CBB-4F49-ADE2-397AFE126308}.RelWithDebInfo|Win32.Build.0 = RelWithDebInfo|Win32
		{7BBE7EAF-E214-42FF-B20A-7ACAD62B4939}.Debug|Win32.ActiveCfg = Debug|Win32
		{7BBE7EAF-E214-42FF-B20A-7ACAD62B4939}.Debug|Win32.Build.0 = Debug|Win32
		{7BBE7EAF-E214-42FF-B20A-7ACAD62B4939}.Release|Win32.ActiveCfg = Release|Win32
		{7BBE7EAF-E214-42FF-B20A-7ACAD62B4939}.Release|Win32.Build.0 = Release|Win32
		{7BBE7EAF-E214-42FF-B20A-7ACAD62B4939}.MinSizeRel|Win32.ActiveCfg = MinSizeRel|Win32
		{7BBE7EAF-E214-42FF-B20A-7ACAD62B4939}.MinSizeRel|Win32.Build.0 = MinSizeRel|Win32
		{7BBE7EAF-E214-42FF-B20A-7ACAD62B4939}.RelWithDebInfo|Win32.ActiveCfg = RelWithDebInfo|Win32
		{7BBE7EAF-E214-42FF-B20A-7ACAD62B4939}.RelWithDebInfo|Win32.Build.0 = RelWithDebInfo|Win32
		{037117DF-4E2E-4CBC-A8A0-679240257983}.Debug|Win32.ActiveCfg = Debug|Win32
		{037117DF-4E2E-4CBC-A8A0-679240257983}.Debug|Win32.Build.0 = Debug|Win32
		{037117DF-4E2E-4CBC-A8A0-679240257983}.Release|Win32.ActiveCfg = Release|Win32
		{037117DF-4E2E-4CBC-A8A0-679240257983}.Release|Win32.Build.0 = Release|Win32
		{037117DF-4E2E-4CBC-A8A0-679240257983}.MinSizeRel|Win32.ActiveCfg = MinSizeRel|Win32
		{037117DF-4E2E-4CBC-A8A0-679240257983}.MinSizeRel|Win32.Build.0 = MinSizeRel|Win32
		{037117DF-4E2E-4CBC-A8A0-679240257983}.RelWithDebInfo|Win32.ActiveCfg = RelWithDebInfo|Win32
		{037117DF-4E2E-4CBC-A8A0-679240257983}.RelWithDebInfo|Win32.Build.0 = RelWithDebInfo|Win32
		{CA840142-9644-4072-AB5A-039DD9E33BC5}.Debug|Win32.ActiveCfg = Debug|Win32
		{CA840142-9644-4072-AB5A-039DD9E33BC5}.Debug|Win32.Build.0 = Debug|Win32
		{CA840142-9644-4072-AB5A-039DD9E33BC5}.Release|Win32.ActiveCfg = Release|Win32
		{CA840142-9644-4072-AB5A-039DD9E33BC5}.Release|Win32.Build.0 = Release|Win32
		{CA840142-9644-4072-AB5A-039DD9E33BC5}.MinSizeRel|Win32.ActiveCfg = MinSizeRel|Win32
		{CA840142-9644-4072-AB5A-039DD9E33BC5}.MinSizeRel|Win32.Build.0 = MinSizeRel|Win32
		{CA840142-9644-4072-AB5A-039DD9E33BC5}.RelWithDebInfo|Win32.ActiveCfg = RelWithDebInfo|Win32
		{CA840142-9644-4072-AB5A-039DD9E33BC5}.RelWithDebInfo|Win32.Build.0 = RelWithDebInfo|Win32
		{B3706148-72D3-41E3-AC0A-F9AF0618F416}.Debug|Win32.ActiveCfg = Debug|Win32
		{B3706148-72D3-41E3-AC0A-F9AF0618F416}.Debug|Win32.Build.0 = Debug|Win32
		{B3706148-72D3-41E3-AC0A-F9AF0618F416}.Release|Win32.ActiveCfg = Release|Win32
		{B3706148-72D3-41E3-AC0A-F9AF0618F416}.Release|Win32.Build.0 = Release|Win32
		{B3706148-72D3-41E3-AC0A-F9AF0618F416}.MinSizeRel|Win32.ActiveCfg = MinSizeRel|Win32
		{B3706148-72D3-41E3-AC0A-F9AF0618F416}.MinSizeRel|Win32.Build.0 = MinSizeRel|Win32
		{B3706148-72D3-41E3-AC0A-F9AF0618F416}.RelWithDebInfo|Win32.ActiveCfg = RelWithDebInfo|Win32
		{B3706148-72D3-41E3-AC0A-F9AF0618F416}.RelWithDebInfo|Win32.Build.0 = RelWithDebInfo|Win32
		{C55FE1FD-0629-4AE2-8114-926EE33FDFC0}.Debug|Win32.ActiveCfg = Debug|Win32
		{C55FE1FD-0629-4AE2-8114-926EE33FDFC0}.Debug|Win32.Build.0 = Debug|Win32
		{C55FE1FD-0629-4AE2-8114-926EE33FDFC0}.Release|Win32.ActiveCfg = Release|Win32
		{C55FE1FD-0629-4AE2-8114-926EE33FDFC0}.Release|Win32.Build.0 = Release|Win32
		{C55FE1FD-0629-4AE2-8114-926EE33FDFC0}.MinSizeRel|Win32.ActiveCfg = MinSizeRel|Win32
		{C55FE1FD-0629-4AE2-8114-926EE33FDFC0}.MinSizeRel|Win32.Build.0 = MinSizeRel|Win32
		{C55FE1FD-0629-4AE2-8114-926EE33FDFC0}.RelWithDebInfo|Win32.ActiveCfg = RelWithDebInfo|Win32
		{C55FE1FD-0629-4AE2-8114-926EE33FDFC0}.RelWithDebInfo|Win32.Build.0 = RelWithDebInfo|Win32
		{9CF88A46-7B08-495C-A192-E6BF8247BB4F}.Debug|Win32.ActiveCfg = Debug|Win32
		{9CF88A46-7B08-495C-A192-E6BF8247BB4F}.Debug|Win32.Build.0 = Debug|Win32
		{9CF88A46-7B08-495C-A192-E6BF8247BB4F}.Release|Win32.ActiveCfg = Release|Win32
		{9CF88A46-7B08-495C-A192-E6BF8247BB4F}.Release|Win32.Build.0 = Release|Win32
		{9CF88A46-7B08-495C-A192-E6BF8247BB4F}.MinSizeRel|Win32.ActiveCfg = MinSizeRel|Win32
		{9CF88A46-7B08-495C-A192-E6BF8247BB4F}.MinSizeRel|Win32.Build.0 = MinSizeRel|Win32
		{9CF88A46-7B08-495C-A192-E6BF8247BB4F}.RelWithDebInfo|Win32.ActiveCfg = RelWithDebInfo|Win32
		{9CF88A46-7B08-495C-A192-E6BF8247BB4F}.RelWithDebInfo|Win32.Build.0 = RelWithDebInfo|Win32
		{4C21349C-4C0C-4ACB-9B44-F1061A7D7DD7}.Debug|Win32.ActiveCfg = Debug|Win32
		{4C21349C-4C0C-4ACB-9B44-F1061A7D7DD7}.Debug|Win32.Build.0 = Debug|Win32
		{4C21349C-4C0C-4ACB-9B44-F1061A7D7DD7}.Release|Win32.ActiveCfg = Release|Win32
		{4C21349C-4C0C-4ACB-9B44-F1061A7D7DD7}.Release|Win32.Build.0 = Release|Win32
		{4C21349C-4C0C-4ACB-9B44-F1061A7D7DD7}.MinSizeRel|Win32.ActiveCfg = MinSizeRel|Win32
		{4C21349C-4C0C-4ACB-9B44-F1061A7D7DD7}.MinSizeRel|Win32.Build.0 = MinSizeRel|Win32
		{4C21349C-4C0C-4ACB-9B44-F1061A7D7DD7}.RelWithDebInfo|Win32.ActiveCfg = RelWithDebInfo|Win32
		{4C21349C-4C0C-4ACB-9B44-F1061A7D7DD7}.RelWithDebInfo|Win32.Build.0 = RelWithDebInfo|Win32
		{3EE4989E-4AAF-49CD-A8AD-75FA8DD58BA6}.Debug|Win32.ActiveCfg = Debug|Win32
		{3EE4989E-4AAF-49CD-A8AD-75FA8DD58BA6}.Debug|Win32.Build.0 = Debug|Win32
		{3EE4989E-4AAF-49CD-A8AD-75FA8DD58BA6}.Release|Win32.ActiveCfg = Release|Win32
		{3EE4989E-4AAF-49CD-A8AD-75FA8DD58BA6}.Release|Win32.Build.0 = Release|Win32
		{3EE4989E-4AAF-49CD-A8AD-75FA8DD58BA6}.MinSizeRel|Win32.ActiveCfg = MinSizeRel|Win32
		{3EE4989E-4AAF-49CD-A8AD-75FA8DD58BA6}.MinSizeRel|Win32.Build.0 = MinSizeRel|Win32
		{3EE4989E-4AAF-49CD-A8AD-75FA8DD58BA6}.RelWithDebInfo|Win32.ActiveCfg = RelWithDebInfo|Win32
		{3EE4989E-4AAF-49CD-A8AD-75FA8DD58BA6}.RelWithDebInfo|Win32.Build.0 = RelWithDebInfo|Win32
		{008DBB5B-A70F-472E-BCB4-FCA525E71978}.Debug|Win32.ActiveCfg = Debug|Win32
		{008DBB5B-A70F-472E-BCB4-FCA525E71978}.Debug|Win32.Build.0 = Debug|Win32
		{008DBB5B-A70F-472E-BCB4-FCA525E71978}.Release|Win32.ActiveCfg = Release|Win32
		{008DBB5B-A70F-472E-BCB4-FCA525E71978}.Release|Win32.Build.0 = Release|Win32
		{008DBB5B-A70F-472E-BCB4-FCA525E71978}.MinSizeRel|Win32.ActiveCfg = MinSizeRel|Win32
		{008DBB5B-A70F-472E-BCB4-FCA525E71978}.MinSizeRel|Win32.Build.0 = MinSizeRel|Win32
		{008DBB5B-A70F-472E-BCB4-FCA525E71978}.RelWithDebInfo|Win32.ActiveCfg = RelWithDebInfo|Win32
		{008DBB5B-A70F-472E-BCB4-FCA525E71978}.RelWithDebInfo|Win32.Build.0 = RelWithDebInfo|Win32
		{CEEF2B36-F444-467D-95E0-7B36296A6A59}.Debug|Win32.ActiveCfg = Debug|Win32
		{CEEF2B36-F444-467D-95E0-7B36296A6A59}.Debug|Win32.Build.0 = Debug|Win32
		{CEEF2B36-F444-467D-95E0-7B36296A6A59}.Release|Win32.ActiveCfg = Release|Win32
		{CEEF2B36-F444-467D-95E0-7B36296A6A59}.Release|Win32.Build.0 = Release|Win32
		{CEEF2B36-F444-467D-95E0-7B36296A6A59}.MinSizeRel|Win32.ActiveCfg = MinSizeRel|Win32
		{CEEF2B36-F444-467D-95E0-7B36296A6A59}.MinSizeRel|Win32.Build.0 = MinSizeRel|Win32
		{CEEF2B36-F444-467D-95E0-7B36296A6A59}.RelWithDebInfo|Win32.ActiveCfg = RelWithDebInfo|Win32
		{CEEF2B36-F444-467D-95E0-7B36296A6A59}.RelWithDebInfo|Win32.Build.0 = RelWithDebInfo|Win32
	EndGlobalSection
	GlobalSection(ExtensibilityGlobals) = postSolution
	EndGlobalSection
	GlobalSection(ExtensibilityAddIns) = postSolution
	EndGlobalSection
EndGlobal
